{
  "name": "dkim_test",
  "version": "1.0.0",
  "lockfileVersion": 1,
  "requires": true,
  "dependencies": {
    "nodemailer": {
      "version": "6.4.14",
      "resolved": "https://registry.npmjs.org/nodemailer/-/nodemailer-6.4.14.tgz",
      "integrity": "sha512-0AQHOOT+nRAOK6QnksNaK7+5vjviVvEBzmZytKU7XSA+Vze2NLykTx/05ti1uJgXFTWrMq08u3j3x4r4OE6PAA=="
    }
  }
}
